
Microsoft Visual Studio Solution File, Format Version 12.00
# Visual Studio 15
VisualStudioVersion = 15.0.27703.2026
MinimumVisualStudioVersion = 10.0.40219.1
Project("{FAE04EC0-301F-11D3-BF4B-00C04F79EFBC}") = "TestCommon", "TestCommon.csproj", "{16385A6D-D43D-457F-A8CC-2657150F032E}"
EndProject
Global
	GlobalSection(SolutionConfigurationPlatforms) = preSolution
		Debug|Any CPU = Debug|Any CPU
		Release|Any CPU = Release|Any CPU
	EndGlobalSection
	GlobalSection(ProjectConfigurationPlatforms) = postSolution
		{16385A6D-D43D-457F-A8CC-2657150F032E}.Debug|Any CPU.ActiveCfg = Debug|Any CPU
		{16385A6D-D43D-457F-A8CC-2657150F032E}.Debug|Any CPU.Build.0 = Debug|Any CPU
		{16385A6D-D43D-457F-A8CC-2657150F032E}.Release|Any CPU.ActiveCfg = Release|Any CPU
		{16385A6D-D43D-457F-A8CC-2657150F032E}.Release|Any CPU.Build.0 = Release|Any CPU
	EndGlobalSection
	GlobalSection(SolutionProperties) = preSolution
		HideSolutionNode = FALSE
	EndGlobalSection
	GlobalSection(ExtensibilityGlobals) = postSolution
		SolutionGuid = {741BA9CF-0FC2-4FFA-9792-E7FCF318AD6C}
	EndGlobalSection
EndGlobal
